<?xml version="1.0" encoding="utf-8"?>
<Project ToolsVersion="4.0" xmlns="http://schemas.microsoft.com/developer/msbuild/2003">
  <ItemGroup>
    <Filter Include="src">
      <UniqueIdentifier>{1f479809-3ef3-469c-84f0-a8bc3bd86b90}</UniqueIdentifier>
    </Filter>
  </ItemGroup>
  <ItemGroup>
    <ClCompile Include="..\src\App.cpp">
      <Filter>src</Filter>
    </ClCompile>
    <ClCompile Include="..\src\CTime.cpp">
      <Filter>src</Filter>
    </ClCompile>
    <ClCompile Include="..\src\SceneNode.cpp">
      <Filter>src</Filter>
    </ClCompile>
    <ClCompile Include="..\src\stdafx.cpp">
      <Filter>src</Filter>
    </ClCompile>
    <ClCompile Include="main.cpp" />
  </ItemGroup>
  <ItemGroup>
    <ClInclude Include="..\src\App.h">
      <Filter>src</Filter>
    </ClInclude>
    <ClInclude Include="..\src\CTime.h">
      <Filter>src</Filter>
    </ClInclude>
    <ClInclude Include="..\src\SceneNode.h">
      <Filter>src</Filter>
    </ClInclude>
    <ClInclude Include="..\src\stdafx.h">
      <Filter>src</Filter>
    </ClInclude>
  </ItemGroup>
  <ItemGroup>
    <Text Include="ReadMe.txt" />
  </ItemGroup>
</Project>