<?xml version="1.0" encoding="utf-8"?>
<Project ToolsVersion="4.0" xmlns="http://schemas.microsoft.com/developer/msbuild/2003">
  <ItemGroup>
    <Filter Include="src">
      <UniqueIdentifier>{43d21d75-3c1d-48f4-bf71-2cc24204f273}</UniqueIdentifier>
    </Filter>
    <Filter Include="win">
      <UniqueIdentifier>{9a2ec2a5-5614-4c61-9a01-512531d8aad4}</UniqueIdentifier>
    </Filter>
  </ItemGroup>
  <ItemGroup>
    <ClCompile Include="..\src\App.cpp">
      <Filter>src</Filter>
    </ClCompile>
    <ClCompile Include="..\src\CTime.cpp">
      <Filter>src</Filter>
    </ClCompile>
    <ClCompile Include="..\src\SceneNode.cpp">
      <Filter>src</Filter>
    </ClCompile>
    <ClCompile Include="..\src\stdafx.cpp">
      <Filter>src</Filter>
    </ClCompile>
    <ClCompile Include="main.cpp" />
  </ItemGroup>
  <ItemGroup>
    <ClInclude Include="..\src\App.h">
      <Filter>src</Filter>
    </ClInclude>
    <ClInclude Include="..\src\CTime.h">
      <Filter>src</Filter>
    </ClInclude>
    <ClInclude Include="..\src\SceneNode.h">
      <Filter>src</Filter>
    </ClInclude>
    <ClInclude Include="..\src\stdafx.h">
      <Filter>src</Filter>
    </ClInclude>
    <ClInclude Include="targetver.h">
      <Filter>win</Filter>
    </ClInclude>
  </ItemGroup>
  <ItemGroup>
    <Text Include="ReadMe.txt" />
  </ItemGroup>
</Project>